
Microsoft Visual Studio Solution File, Format Version 12.00
# Visual Studio 2013
VisualStudioVersion = 12.0.30501.0
MinimumVisualStudioVersion = 10.0.40219.1
Project("{8BC9CEB8-8B4A-11D0-8D11-00A0C91BC942}") = "Probe", "Probe\Probe.vcxproj", "{700A057C-5E90-49C4-BB34-1DC95444E140}"
EndProject
Project("{8BC9CEB8-8B4A-11D0-8D11-00A0C91BC942}") = "Utilities", "Utilities\Utilities.vcxproj", "{C83FB472-0FB9-40D7-9AB1-BCF91169CA47}"
EndProject
Project("{8BC9CEB8-8B4A-11D0-8D11-00A0C91BC942}") = "Utilities.Tests", "Utilities.Tests\Utilities.Tests.vcxproj", "{4459805F-9CE8-495A-8055-6AF7F2A0B0AC}"
EndProject
Project("{8BC9CEB8-8B4A-11D0-8D11-00A0C91BC942}") = "HelloWorld", "HelloWorld\HelloWorld.vcxproj", "{0CA3DD8D-9E37-4B97-A817-C79F4C0D2753}"
EndProject
Project("{8BC9CEB8-8B4A-11D0-8D11-00A0C91BC942}") = "VectorAdder", "VectorAdder\VectorAdder.vcxproj", "{C406337D-6372-4095-BB83-B373B7ABBE59}"
EndProject
Project("{8BC9CEB8-8B4A-11D0-8D11-00A0C91BC942}") = "MandelbrotSet", "MandelbrotSet\MulticoreWin32.vcxproj", "{219C1B60-C3AC-4F49-BA52-5ADE16BC26D2}"
EndProject
Project("{2150E333-8FDC-42A3-9474-1A3956D46DE8}") = "Linear Algebra", "Linear Algebra", "{6E5EBFF9-0775-42FC-8ECF-02EB60995F5C}"
EndProject
Project("{2150E333-8FDC-42A3-9474-1A3956D46DE8}") = "Mathematics", "Mathematics", "{118CEDC2-336D-4CAC-98C8-CB806A37534E}"
EndProject
Project("{2150E333-8FDC-42A3-9474-1A3956D46DE8}") = "Basic Features", "Basic Features", "{F6945E4E-7311-41D5-A411-99F64056B910}"
EndProject
Project("{2150E333-8FDC-42A3-9474-1A3956D46DE8}") = "Bioinformatics", "Bioinformatics", "{6EA35DDB-A226-4DA4-866F-D5DE88270B2E}"
EndProject
Project("{8BC9CEB8-8B4A-11D0-8D11-00A0C91BC942}") = "ReverseComplement.Tests", "ReverseComplement.Tests\ReverseComplement.Tests.vcxproj", "{80F462AC-76A0-434E-9B5C-503F6BE77F60}"
EndProject
Project("{8BC9CEB8-8B4A-11D0-8D11-00A0C91BC942}") = "SieveOfEratosthenes.Tests", "SieveOfEratosthenes.Tests\SieveOfEratosthenes.Tests.vcxproj", "{439AA49D-B606-4B18-8EE9-020401FAE61E}"
EndProject
Project("{2150E333-8FDC-42A3-9474-1A3956D46DE8}") = "Solution Items", "Solution Items", "{778AC7B3-DB00-4EF3-8C85-975D4882109C}"
	ProjectSection(SolutionItems) = preProject
		.gitignore = .gitignore
	EndProjectSection
EndProject
Project("{2150E333-8FDC-42A3-9474-1A3956D46DE8}") = "SieveOfErathosthenes", "SieveOfErathosthenes", "{D665FE34-FB04-433D-B6EA-82A0E70B8558}"
EndProject
Project("{8BC9CEB8-8B4A-11D0-8D11-00A0C91BC942}") = "SieveOfEratosthenes.Lib", "SieveOfEratosthenes.Lib\SieveOfEratoshtenes.Lib.vcxproj", "{2377B861-B2D5-4DD3-979C-36C832BBFFE6}"
EndProject
Project("{8BC9CEB8-8B4A-11D0-8D11-00A0C91BC942}") = "SieveOfEratosthenes.Perf", "SieveOfEratosthenes.Perf\SieveOfEratosthenes.Perf.vcxproj", "{13AE1DC9-7AE0-4C74-A15F-5BBD9CB8B7BF}"
EndProject
Project("{8BC9CEB8-8B4A-11D0-8D11-00A0C91BC942}") = "PatternMatching.Tests", "PatternMatching.Tests\PatternMatching.Tests.vcxproj", "{1844BE4B-86E3-4F37-88AF-019ADA02E54E}"
EndProject
Project("{2150E333-8FDC-42A3-9474-1A3956D46DE8}") = "ReverseComplement", "ReverseComplement", "{F384014B-029C-499D-B00B-B4AC7E27AA03}"
EndProject
Project("{2150E333-8FDC-42A3-9474-1A3956D46DE8}") = "PatternMatching", "PatternMatching", "{CDF9F5F2-A6F4-4266-87AE-8983526FDDA9}"
EndProject
Project("{8BC9CEB8-8B4A-11D0-8D11-00A0C91BC942}") = "PatternMatching.Lib", "ExactPatternMatching.Lib\ExactPatternMatching.Lib.vcxproj", "{A2979093-2D35-4468-9D7B-CB3C2576E6AC}"
EndProject
Project("{8BC9CEB8-8B4A-11D0-8D11-00A0C91BC942}") = "MostFrequentKmers.Tests", "MostFrequentKmers.Tests\MostFrequentKmers.Tests.vcxproj", "{AF0FD736-57A1-4A18-90EA-6521B97348DB}"
EndProject
Project("{2150E333-8FDC-42A3-9474-1A3956D46DE8}") = "DB Operators", "DB Operators", "{4B96A840-1BB7-47DD-A0B4-B728B4C1E173}"
EndProject
Project("{8BC9CEB8-8B4A-11D0-8D11-00A0C91BC942}") = "NumberFilter.Tests", "NumberFilter.Tests\NumberFilter.Tests.vcxproj", "{53B92548-F516-4466-85E9-1220915FE930}"
EndProject
Project("{8BC9CEB8-8B4A-11D0-8D11-00A0C91BC942}") = "NumberFilter.Lib", "NumberFilter.Lib\NumberFilter.Lib.vcxproj", "{BFF8E0E1-D5C5-410E-BABA-70EDF3E872A5}"
EndProject
Project("{2150E333-8FDC-42A3-9474-1A3956D46DE8}") = "NumberFilter", "NumberFilter", "{83A3EF4B-C67A-404F-B31F-2AA963534832}"
EndProject
Project("{8BC9CEB8-8B4A-11D0-8D11-00A0C91BC942}") = "NumberFilter.App", "NumberFilter.App\NumberFilter.App.vcxproj", "{6073F812-DB2D-44B8-9B34-B1336A9C7339}"
EndProject
Project("{2150E333-8FDC-42A3-9474-1A3956D46DE8}") = "MergeSort", "MergeSort", "{D67E2A7A-AE52-498B-B5FD-DE982536E341}"
EndProject
Global
	GlobalSection(SolutionConfigurationPlatforms) = preSolution
		Altera Debug|Mixed Platforms = Altera Debug|Mixed Platforms
		Altera Debug|Win32 = Altera Debug|Win32
		Altera Debug|x64 = Altera Debug|x64
		Altera Release|Mixed Platforms = Altera Release|Mixed Platforms
		Altera Release|Win32 = Altera Release|Win32
		Altera Release|x64 = Altera Release|x64
		Intel Debug|Mixed Platforms = Intel Debug|Mixed Platforms
		Intel Debug|Win32 = Intel Debug|Win32
		Intel Debug|x64 = Intel Debug|x64
		Intel Release|Mixed Platforms = Intel Release|Mixed Platforms
		Intel Release|Win32 = Intel Release|Win32
		Intel Release|x64 = Intel Release|x64
	EndGlobalSection
	GlobalSection(ProjectConfigurationPlatforms) = postSolution
		{700A057C-5E90-49C4-BB34-1DC95444E140}.Altera Debug|Mixed Platforms.ActiveCfg = Altera Debug|x64
		{700A057C-5E90-49C4-BB34-1DC95444E140}.Altera Debug|Mixed Platforms.Build.0 = Altera Debug|x64
		{700A057C-5E90-49C4-BB34-1DC95444E140}.Altera Debug|Win32.ActiveCfg = Altera Debug|x64
		{700A057C-5E90-49C4-BB34-1DC95444E140}.Altera Debug|x64.ActiveCfg = Altera Debug|x64
		{700A057C-5E90-49C4-BB34-1DC95444E140}.Altera Debug|x64.Build.0 = Altera Debug|x64
		{700A057C-5E90-49C4-BB34-1DC95444E140}.Altera Release|Mixed Platforms.ActiveCfg = Altera Release|x64
		{700A057C-5E90-49C4-BB34-1DC95444E140}.Altera Release|Mixed Platforms.Build.0 = Altera Release|x64
		{700A057C-5E90-49C4-BB34-1DC95444E140}.Altera Release|Win32.ActiveCfg = Altera Release|x64
		{700A057C-5E90-49C4-BB34-1DC95444E140}.Altera Release|x64.ActiveCfg = Altera Release|x64
		{700A057C-5E90-49C4-BB34-1DC95444E140}.Altera Release|x64.Build.0 = Altera Release|x64
		{700A057C-5E90-49C4-BB34-1DC95444E140}.Intel Debug|Mixed Platforms.ActiveCfg = Intel Debug|x64
		{700A057C-5E90-49C4-BB34-1DC95444E140}.Intel Debug|Mixed Platforms.Build.0 = Intel Debug|x64
		{700A057C-5E90-49C4-BB34-1DC95444E140}.Intel Debug|Win32.ActiveCfg = Intel Debug|x64
		{700A057C-5E90-49C4-BB34-1DC95444E140}.Intel Debug|x64.ActiveCfg = Intel Debug|x64
		{700A057C-5E90-49C4-BB34-1DC95444E140}.Intel Debug|x64.Build.0 = Intel Debug|x64
		{700A057C-5E90-49C4-BB34-1DC95444E140}.Intel Release|Mixed Platforms.ActiveCfg = Intel Release|x64
		{700A057C-5E90-49C4-BB34-1DC95444E140}.Intel Release|Mixed Platforms.Build.0 = Intel Release|x64
		{700A057C-5E90-49C4-BB34-1DC95444E140}.Intel Release|Win32.ActiveCfg = Intel Release|x64
		{700A057C-5E90-49C4-BB34-1DC95444E140}.Intel Release|x64.ActiveCfg = Intel Release|x64
		{700A057C-5E90-49C4-BB34-1DC95444E140}.Intel Release|x64.Build.0 = Intel Release|x64
		{C83FB472-0FB9-40D7-9AB1-BCF91169CA47}.Altera Debug|Mixed Platforms.ActiveCfg = Altera Debug|x64
		{C83FB472-0FB9-40D7-9AB1-BCF91169CA47}.Altera Debug|Mixed Platforms.Build.0 = Altera Debug|x64
		{C83FB472-0FB9-40D7-9AB1-BCF91169CA47}.Altera Debug|Win32.ActiveCfg = Altera Debug|x64
		{C83FB472-0FB9-40D7-9AB1-BCF91169CA47}.Altera Debug|x64.ActiveCfg = Altera Debug|x64
		{C83FB472-0FB9-40D7-9AB1-BCF91169CA47}.Altera Debug|x64.Build.0 = Altera Debug|x64
		{C83FB472-0FB9-40D7-9AB1-BCF91169CA47}.Altera Release|Mixed Platforms.ActiveCfg = Altera Release|x64
		{C83FB472-0FB9-40D7-9AB1-BCF91169CA47}.Altera Release|Mixed Platforms.Build.0 = Altera Release|x64
		{C83FB472-0FB9-40D7-9AB1-BCF91169CA47}.Altera Release|Win32.ActiveCfg = Altera Release|x64
		{C83FB472-0FB9-40D7-9AB1-BCF91169CA47}.Altera Release|x64.ActiveCfg = Altera Release|x64
		{C83FB472-0FB9-40D7-9AB1-BCF91169CA47}.Altera Release|x64.Build.0 = Altera Release|x64
		{C83FB472-0FB9-40D7-9AB1-BCF91169CA47}.Intel Debug|Mixed Platforms.ActiveCfg = Intel Debug|x64
		{C83FB472-0FB9-40D7-9AB1-BCF91169CA47}.Intel Debug|Mixed Platforms.Build.0 = Intel Debug|x64
		{C83FB472-0FB9-40D7-9AB1-BCF91169CA47}.Intel Debug|Win32.ActiveCfg = Intel Debug|x64
		{C83FB472-0FB9-40D7-9AB1-BCF91169CA47}.Intel Debug|x64.ActiveCfg = Intel Debug|x64
		{C83FB472-0FB9-40D7-9AB1-BCF91169CA47}.Intel Debug|x64.Build.0 = Intel Debug|x64
		{C83FB472-0FB9-40D7-9AB1-BCF91169CA47}.Intel Release|Mixed Platforms.ActiveCfg = Intel Release|x64
		{C83FB472-0FB9-40D7-9AB1-BCF91169CA47}.Intel Release|Mixed Platforms.Build.0 = Intel Release|x64
		{C83FB472-0FB9-40D7-9AB1-BCF91169CA47}.Intel Release|Win32.ActiveCfg = Intel Release|x64
		{C83FB472-0FB9-40D7-9AB1-BCF91169CA47}.Intel Release|x64.ActiveCfg = Intel Release|x64
		{C83FB472-0FB9-40D7-9AB1-BCF91169CA47}.Intel Release|x64.Build.0 = Intel Release|x64
		{4459805F-9CE8-495A-8055-6AF7F2A0B0AC}.Altera Debug|Mixed Platforms.ActiveCfg = Altera Debug|x64
		{4459805F-9CE8-495A-8055-6AF7F2A0B0AC}.Altera Debug|Mixed Platforms.Build.0 = Altera Debug|x64
		{4459805F-9CE8-495A-8055-6AF7F2A0B0AC}.Altera Debug|Win32.ActiveCfg = Altera Debug|x64
		{4459805F-9CE8-495A-8055-6AF7F2A0B0AC}.Altera Debug|x64.ActiveCfg = Altera Debug|x64
		{4459805F-9CE8-495A-8055-6AF7F2A0B0AC}.Altera Debug|x64.Build.0 = Altera Debug|x64
		{4459805F-9CE8-495A-8055-6AF7F2A0B0AC}.Altera Release|Mixed Platforms.ActiveCfg = Altera Release|x64
		{4459805F-9CE8-495A-8055-6AF7F2A0B0AC}.Altera Release|Mixed Platforms.Build.0 = Altera Release|x64
		{4459805F-9CE8-495A-8055-6AF7F2A0B0AC}.Altera Release|Win32.ActiveCfg = Altera Release|x64
		{4459805F-9CE8-495A-8055-6AF7F2A0B0AC}.Altera Release|x64.ActiveCfg = Altera Release|x64
		{4459805F-9CE8-495A-8055-6AF7F2A0B0AC}.Altera Release|x64.Build.0 = Altera Release|x64
		{4459805F-9CE8-495A-8055-6AF7F2A0B0AC}.Intel Debug|Mixed Platforms.ActiveCfg = Intel Debug|x64
		{4459805F-9CE8-495A-8055-6AF7F2A0B0AC}.Intel Debug|Mixed Platforms.Build.0 = Intel Debug|x64
		{4459805F-9CE8-495A-8055-6AF7F2A0B0AC}.Intel Debug|Win32.ActiveCfg = Intel Debug|x64
		{4459805F-9CE8-495A-8055-6AF7F2A0B0AC}.Intel Debug|x64.ActiveCfg = Intel Debug|x64
		{4459805F-9CE8-495A-8055-6AF7F2A0B0AC}.Intel Debug|x64.Build.0 = Intel Debug|x64
		{4459805F-9CE8-495A-8055-6AF7F2A0B0AC}.Intel Release|Mixed Platforms.ActiveCfg = Intel Release|x64
		{4459805F-9CE8-495A-8055-6AF7F2A0B0AC}.Intel Release|Mixed Platforms.Build.0 = Intel Release|x64
		{4459805F-9CE8-495A-8055-6AF7F2A0B0AC}.Intel Release|Win32.ActiveCfg = Intel Release|x64
		{4459805F-9CE8-495A-8055-6AF7F2A0B0AC}.Intel Release|x64.ActiveCfg = Intel Release|x64
		{4459805F-9CE8-495A-8055-6AF7F2A0B0AC}.Intel Release|x64.Build.0 = Intel Release|x64
		{0CA3DD8D-9E37-4B97-A817-C79F4C0D2753}.Altera Debug|Mixed Platforms.ActiveCfg = Altera Debug|x64
		{0CA3DD8D-9E37-4B97-A817-C79F4C0D2753}.Altera Debug|Mixed Platforms.Build.0 = Altera Debug|x64
		{0CA3DD8D-9E37-4B97-A817-C79F4C0D2753}.Altera Debug|Win32.ActiveCfg = Altera Debug|x64
		{0CA3DD8D-9E37-4B97-A817-C79F4C0D2753}.Altera Debug|x64.ActiveCfg = Altera Debug|x64
		{0CA3DD8D-9E37-4B97-A817-C79F4C0D2753}.Altera Debug|x64.Build.0 = Altera Debug|x64
		{0CA3DD8D-9E37-4B97-A817-C79F4C0D2753}.Altera Release|Mixed Platforms.ActiveCfg = Altera Release|x64
		{0CA3DD8D-9E37-4B97-A817-C79F4C0D2753}.Altera Release|Mixed Platforms.Build.0 = Altera Release|x64
		{0CA3DD8D-9E37-4B97-A817-C79F4C0D2753}.Altera Release|Win32.ActiveCfg = Altera Release|x64
		{0CA3DD8D-9E37-4B97-A817-C79F4C0D2753}.Altera Release|x64.ActiveCfg = Altera Release|x64
		{0CA3DD8D-9E37-4B97-A817-C79F4C0D2753}.Altera Release|x64.Build.0 = Altera Release|x64
		{0CA3DD8D-9E37-4B97-A817-C79F4C0D2753}.Intel Debug|Mixed Platforms.ActiveCfg = Intel Debug|x64
		{0CA3DD8D-9E37-4B97-A817-C79F4C0D2753}.Intel Debug|Mixed Platforms.Build.0 = Intel Debug|x64
		{0CA3DD8D-9E37-4B97-A817-C79F4C0D2753}.Intel Debug|Win32.ActiveCfg = Intel Debug|x64
		{0CA3DD8D-9E37-4B97-A817-C79F4C0D2753}.Intel Debug|x64.ActiveCfg = Intel Debug|x64
		{0CA3DD8D-9E37-4B97-A817-C79F4C0D2753}.Intel Debug|x64.Build.0 = Intel Debug|x64
		{0CA3DD8D-9E37-4B97-A817-C79F4C0D2753}.Intel Release|Mixed Platforms.ActiveCfg = Intel Release|x64
		{0CA3DD8D-9E37-4B97-A817-C79F4C0D2753}.Intel Release|Mixed Platforms.Build.0 = Intel Release|x64
		{0CA3DD8D-9E37-4B97-A817-C79F4C0D2753}.Intel Release|Win32.ActiveCfg = Intel Release|x64
		{0CA3DD8D-9E37-4B97-A817-C79F4C0D2753}.Intel Release|x64.ActiveCfg = Intel Release|x64
		{0CA3DD8D-9E37-4B97-A817-C79F4C0D2753}.Intel Release|x64.Build.0 = Intel Release|x64
		{C406337D-6372-4095-BB83-B373B7ABBE59}.Altera Debug|Mixed Platforms.ActiveCfg = Altera Debug|x64
		{C406337D-6372-4095-BB83-B373B7ABBE59}.Altera Debug|Mixed Platforms.Build.0 = Altera Debug|x64
		{C406337D-6372-4095-BB83-B373B7ABBE59}.Altera Debug|Win32.ActiveCfg = Altera Debug|x64
		{C406337D-6372-4095-BB83-B373B7ABBE59}.Altera Debug|x64.ActiveCfg = Altera Debug|x64
		{C406337D-6372-4095-BB83-B373B7ABBE59}.Altera Debug|x64.Build.0 = Altera Debug|x64
		{C406337D-6372-4095-BB83-B373B7ABBE59}.Altera Release|Mixed Platforms.ActiveCfg = Altera Release|x64
		{C406337D-6372-4095-BB83-B373B7ABBE59}.Altera Release|Mixed Platforms.Build.0 = Altera Release|x64
		{C406337D-6372-4095-BB83-B373B7ABBE59}.Altera Release|Win32.ActiveCfg = Altera Release|x64
		{C406337D-6372-4095-BB83-B373B7ABBE59}.Altera Release|x64.ActiveCfg = Altera Release|x64
		{C406337D-6372-4095-BB83-B373B7ABBE59}.Altera Release|x64.Build.0 = Altera Release|x64
		{C406337D-6372-4095-BB83-B373B7ABBE59}.Intel Debug|Mixed Platforms.ActiveCfg = Intel Debug|x64
		{C406337D-6372-4095-BB83-B373B7ABBE59}.Intel Debug|Mixed Platforms.Build.0 = Intel Debug|x64
		{C406337D-6372-4095-BB83-B373B7ABBE59}.Intel Debug|Win32.ActiveCfg = Intel Debug|x64
		{C406337D-6372-4095-BB83-B373B7ABBE59}.Intel Debug|x64.ActiveCfg = Intel Debug|x64
		{C406337D-6372-4095-BB83-B373B7ABBE59}.Intel Debug|x64.Build.0 = Intel Debug|x64
		{C406337D-6372-4095-BB83-B373B7ABBE59}.Intel Release|Mixed Platforms.ActiveCfg = Intel Release|x64
		{C406337D-6372-4095-BB83-B373B7ABBE59}.Intel Release|Mixed Platforms.Build.0 = Intel Release|x64
		{C406337D-6372-4095-BB83-B373B7ABBE59}.Intel Release|Win32.ActiveCfg = Intel Release|x64
		{C406337D-6372-4095-BB83-B373B7ABBE59}.Intel Release|x64.ActiveCfg = Intel Release|x64
		{C406337D-6372-4095-BB83-B373B7ABBE59}.Intel Release|x64.Build.0 = Intel Release|x64
		{219C1B60-C3AC-4F49-BA52-5ADE16BC26D2}.Altera Debug|Mixed Platforms.ActiveCfg = Altera Debug|x64
		{219C1B60-C3AC-4F49-BA52-5ADE16BC26D2}.Altera Debug|Mixed Platforms.Build.0 = Altera Debug|x64
		{219C1B60-C3AC-4F49-BA52-5ADE16BC26D2}.Altera Debug|Win32.ActiveCfg = Altera Debug|x64
		{219C1B60-C3AC-4F49-BA52-5ADE16BC26D2}.Altera Debug|x64.ActiveCfg = Altera Debug|x64
		{219C1B60-C3AC-4F49-BA52-5ADE16BC26D2}.Altera Debug|x64.Build.0 = Altera Debug|x64
		{219C1B60-C3AC-4F49-BA52-5ADE16BC26D2}.Altera Release|Mixed Platforms.ActiveCfg = Altera Release|x64
		{219C1B60-C3AC-4F49-BA52-5ADE16BC26D2}.Altera Release|Mixed Platforms.Build.0 = Altera Release|x64
		{219C1B60-C3AC-4F49-BA52-5ADE16BC26D2}.Altera Release|Win32.ActiveCfg = Altera Release|x64
		{219C1B60-C3AC-4F49-BA52-5ADE16BC26D2}.Altera Release|x64.ActiveCfg = Altera Release|x64
		{219C1B60-C3AC-4F49-BA52-5ADE16BC26D2}.Altera Release|x64.Build.0 = Altera Release|x64
		{219C1B60-C3AC-4F49-BA52-5ADE16BC26D2}.Intel Debug|Mixed Platforms.ActiveCfg = Intel Debug|x64
		{219C1B60-C3AC-4F49-BA52-5ADE16BC26D2}.Intel Debug|Mixed Platforms.Build.0 = Intel Debug|x64
		{219C1B60-C3AC-4F49-BA52-5ADE16BC26D2}.Intel Debug|Win32.ActiveCfg = Intel Debug|x64
		{219C1B60-C3AC-4F49-BA52-5ADE16BC26D2}.Intel Debug|x64.ActiveCfg = Intel Debug|x64
		{219C1B60-C3AC-4F49-BA52-5ADE16BC26D2}.Intel Debug|x64.Build.0 = Intel Debug|x64
		{219C1B60-C3AC-4F49-BA52-5ADE16BC26D2}.Intel Release|Mixed Platforms.ActiveCfg = Intel Release|x64
		{219C1B60-C3AC-4F49-BA52-5ADE16BC26D2}.Intel Release|Mixed Platforms.Build.0 = Intel Release|x64
		{219C1B60-C3AC-4F49-BA52-5ADE16BC26D2}.Intel Release|Win32.ActiveCfg = Intel Release|x64
		{219C1B60-C3AC-4F49-BA52-5ADE16BC26D2}.Intel Release|x64.ActiveCfg = Intel Release|x64
		{219C1B60-C3AC-4F49-BA52-5ADE16BC26D2}.Intel Release|x64.Build.0 = Intel Release|x64
		{80F462AC-76A0-434E-9B5C-503F6BE77F60}.Altera Debug|Mixed Platforms.ActiveCfg = Altera Debug|x64
		{80F462AC-76A0-434E-9B5C-503F6BE77F60}.Altera Debug|Mixed Platforms.Build.0 = Altera Debug|x64
		{80F462AC-76A0-434E-9B5C-503F6BE77F60}.Altera Debug|Win32.ActiveCfg = Altera Debug|x64
		{80F462AC-76A0-434E-9B5C-503F6BE77F60}.Altera Debug|x64.ActiveCfg = Altera Debug|x64
		{80F462AC-76A0-434E-9B5C-503F6BE77F60}.Altera Debug|x64.Build.0 = Altera Debug|x64
		{80F462AC-76A0-434E-9B5C-503F6BE77F60}.Altera Release|Mixed Platforms.ActiveCfg = Altera Release|x64
		{80F462AC-76A0-434E-9B5C-503F6BE77F60}.Altera Release|Mixed Platforms.Build.0 = Altera Release|x64
		{80F462AC-76A0-434E-9B5C-503F6BE77F60}.Altera Release|Win32.ActiveCfg = Altera Release|x64
		{80F462AC-76A0-434E-9B5C-503F6BE77F60}.Altera Release|x64.ActiveCfg = Altera Release|x64
		{80F462AC-76A0-434E-9B5C-503F6BE77F60}.Altera Release|x64.Build.0 = Altera Release|x64
		{80F462AC-76A0-434E-9B5C-503F6BE77F60}.Intel Debug|Mixed Platforms.ActiveCfg = Intel Debug|x64
		{80F462AC-76A0-434E-9B5C-503F6BE77F60}.Intel Debug|Mixed Platforms.Build.0 = Intel Debug|x64
		{80F462AC-76A0-434E-9B5C-503F6BE77F60}.Intel Debug|Win32.ActiveCfg = Intel Debug|x64
		{80F462AC-76A0-434E-9B5C-503F6BE77F60}.Intel Debug|x64.ActiveCfg = Intel Debug|x64
		{80F462AC-76A0-434E-9B5C-503F6BE77F60}.Intel Debug|x64.Build.0 = Intel Debug|x64
		{80F462AC-76A0-434E-9B5C-503F6BE77F60}.Intel Release|Mixed Platforms.ActiveCfg = Intel Release|x64
		{80F462AC-76A0-434E-9B5C-503F6BE77F60}.Intel Release|Mixed Platforms.Build.0 = Intel Release|x64
		{80F462AC-76A0-434E-9B5C-503F6BE77F60}.Intel Release|Win32.ActiveCfg = Intel Release|x64
		{80F462AC-76A0-434E-9B5C-503F6BE77F60}.Intel Release|x64.ActiveCfg = Intel Release|x64
		{80F462AC-76A0-434E-9B5C-503F6BE77F60}.Intel Release|x64.Build.0 = Intel Release|x64
		{439AA49D-B606-4B18-8EE9-020401FAE61E}.Altera Debug|Mixed Platforms.ActiveCfg = Altera Debug|x64
		{439AA49D-B606-4B18-8EE9-020401FAE61E}.Altera Debug|Mixed Platforms.Build.0 = Altera Debug|x64
		{439AA49D-B606-4B18-8EE9-020401FAE61E}.Altera Debug|Win32.ActiveCfg = Altera Debug|x64
		{439AA49D-B606-4B18-8EE9-020401FAE61E}.Altera Debug|x64.ActiveCfg = Altera Debug|x64
		{439AA49D-B606-4B18-8EE9-020401FAE61E}.Altera Debug|x64.Build.0 = Altera Debug|x64
		{439AA49D-B606-4B18-8EE9-020401FAE61E}.Altera Release|Mixed Platforms.ActiveCfg = Altera Release|x64
		{439AA49D-B606-4B18-8EE9-020401FAE61E}.Altera Release|Mixed Platforms.Build.0 = Altera Release|x64
		{439AA49D-B606-4B18-8EE9-020401FAE61E}.Altera Release|Win32.ActiveCfg = Altera Release|x64
		{439AA49D-B606-4B18-8EE9-020401FAE61E}.Altera Release|x64.ActiveCfg = Altera Release|x64
		{439AA49D-B606-4B18-8EE9-020401FAE61E}.Altera Release|x64.Build.0 = Altera Release|x64
		{439AA49D-B606-4B18-8EE9-020401FAE61E}.Intel Debug|Mixed Platforms.ActiveCfg = Intel Debug|x64
		{439AA49D-B606-4B18-8EE9-020401FAE61E}.Intel Debug|Mixed Platforms.Build.0 = Intel Debug|x64
		{439AA49D-B606-4B18-8EE9-020401FAE61E}.Intel Debug|Win32.ActiveCfg = Intel Debug|x64
		{439AA49D-B606-4B18-8EE9-020401FAE61E}.Intel Debug|x64.ActiveCfg = Intel Debug|x64
		{439AA49D-B606-4B18-8EE9-020401FAE61E}.Intel Debug|x64.Build.0 = Intel Debug|x64
		{439AA49D-B606-4B18-8EE9-020401FAE61E}.Intel Release|Mixed Platforms.ActiveCfg = Intel Release|x64
		{439AA49D-B606-4B18-8EE9-020401FAE61E}.Intel Release|Mixed Platforms.Build.0 = Intel Release|x64
		{439AA49D-B606-4B18-8EE9-020401FAE61E}.Intel Release|Win32.ActiveCfg = Intel Release|x64
		{439AA49D-B606-4B18-8EE9-020401FAE61E}.Intel Release|x64.ActiveCfg = Intel Release|x64
		{439AA49D-B606-4B18-8EE9-020401FAE61E}.Intel Release|x64.Build.0 = Intel Release|x64
		{2377B861-B2D5-4DD3-979C-36C832BBFFE6}.Altera Debug|Mixed Platforms.ActiveCfg = Altera Debug|x64
		{2377B861-B2D5-4DD3-979C-36C832BBFFE6}.Altera Debug|Mixed Platforms.Build.0 = Altera Debug|x64
		{2377B861-B2D5-4DD3-979C-36C832BBFFE6}.Altera Debug|Win32.ActiveCfg = Altera Debug|x64
		{2377B861-B2D5-4DD3-979C-36C832BBFFE6}.Altera Debug|x64.ActiveCfg = Altera Debug|x64
		{2377B861-B2D5-4DD3-979C-36C832BBFFE6}.Altera Debug|x64.Build.0 = Altera Debug|x64
		{2377B861-B2D5-4DD3-979C-36C832BBFFE6}.Altera Release|Mixed Platforms.ActiveCfg = Altera Release|x64
		{2377B861-B2D5-4DD3-979C-36C832BBFFE6}.Altera Release|Mixed Platforms.Build.0 = Altera Release|x64
		{2377B861-B2D5-4DD3-979C-36C832BBFFE6}.Altera Release|Win32.ActiveCfg = Altera Release|x64
		{2377B861-B2D5-4DD3-979C-36C832BBFFE6}.Altera Release|x64.ActiveCfg = Altera Release|x64
		{2377B861-B2D5-4DD3-979C-36C832BBFFE6}.Altera Release|x64.Build.0 = Altera Release|x64
		{2377B861-B2D5-4DD3-979C-36C832BBFFE6}.Intel Debug|Mixed Platforms.ActiveCfg = Intel Debug|x64
		{2377B861-B2D5-4DD3-979C-36C832BBFFE6}.Intel Debug|Mixed Platforms.Build.0 = Intel Debug|x64
		{2377B861-B2D5-4DD3-979C-36C832BBFFE6}.Intel Debug|Win32.ActiveCfg = Intel Debug|x64
		{2377B861-B2D5-4DD3-979C-36C832BBFFE6}.Intel Debug|x64.ActiveCfg = Intel Debug|x64
		{2377B861-B2D5-4DD3-979C-36C832BBFFE6}.Intel Debug|x64.Build.0 = Intel Debug|x64
		{2377B861-B2D5-4DD3-979C-36C832BBFFE6}.Intel Release|Mixed Platforms.ActiveCfg = Intel Release|x64
		{2377B861-B2D5-4DD3-979C-36C832BBFFE6}.Intel Release|Mixed Platforms.Build.0 = Intel Release|x64
		{2377B861-B2D5-4DD3-979C-36C832BBFFE6}.Intel Release|Win32.ActiveCfg = Intel Release|x64
		{2377B861-B2D5-4DD3-979C-36C832BBFFE6}.Intel Release|x64.ActiveCfg = Intel Release|x64
		{2377B861-B2D5-4DD3-979C-36C832BBFFE6}.Intel Release|x64.Build.0 = Intel Release|x64
		{13AE1DC9-7AE0-4C74-A15F-5BBD9CB8B7BF}.Altera Debug|Mixed Platforms.ActiveCfg = Altera Debug|x64
		{13AE1DC9-7AE0-4C74-A15F-5BBD9CB8B7BF}.Altera Debug|Mixed Platforms.Build.0 = Altera Debug|x64
		{13AE1DC9-7AE0-4C74-A15F-5BBD9CB8B7BF}.Altera Debug|Win32.ActiveCfg = Altera Debug|x64
		{13AE1DC9-7AE0-4C74-A15F-5BBD9CB8B7BF}.Altera Debug|x64.ActiveCfg = Altera Debug|x64
		{13AE1DC9-7AE0-4C74-A15F-5BBD9CB8B7BF}.Altera Debug|x64.Build.0 = Altera Debug|x64
		{13AE1DC9-7AE0-4C74-A15F-5BBD9CB8B7BF}.Altera Release|Mixed Platforms.ActiveCfg = Altera Release|x64
		{13AE1DC9-7AE0-4C74-A15F-5BBD9CB8B7BF}.Altera Release|Mixed Platforms.Build.0 = Altera Release|x64
		{13AE1DC9-7AE0-4C74-A15F-5BBD9CB8B7BF}.Altera Release|Win32.ActiveCfg = Altera Release|x64
		{13AE1DC9-7AE0-4C74-A15F-5BBD9CB8B7BF}.Altera Release|x64.ActiveCfg = Altera Release|x64
		{13AE1DC9-7AE0-4C74-A15F-5BBD9CB8B7BF}.Altera Release|x64.Build.0 = Altera Release|x64
		{13AE1DC9-7AE0-4C74-A15F-5BBD9CB8B7BF}.Intel Debug|Mixed Platforms.ActiveCfg = Intel Debug|x64
		{13AE1DC9-7AE0-4C74-A15F-5BBD9CB8B7BF}.Intel Debug|Mixed Platforms.Build.0 = Intel Debug|x64
		{13AE1DC9-7AE0-4C74-A15F-5BBD9CB8B7BF}.Intel Debug|Win32.ActiveCfg = Intel Debug|x64
		{13AE1DC9-7AE0-4C74-A15F-5BBD9CB8B7BF}.Intel Debug|x64.ActiveCfg = Intel Debug|x64
		{13AE1DC9-7AE0-4C74-A15F-5BBD9CB8B7BF}.Intel Debug|x64.Build.0 = Intel Debug|x64
		{13AE1DC9-7AE0-4C74-A15F-5BBD9CB8B7BF}.Intel Release|Mixed Platforms.ActiveCfg = Intel Release|x64
		{13AE1DC9-7AE0-4C74-A15F-5BBD9CB8B7BF}.Intel Release|Mixed Platforms.Build.0 = Intel Release|x64
		{13AE1DC9-7AE0-4C74-A15F-5BBD9CB8B7BF}.Intel Release|Win32.ActiveCfg = Intel Release|x64
		{13AE1DC9-7AE0-4C74-A15F-5BBD9CB8B7BF}.Intel Release|x64.ActiveCfg = Intel Release|x64
		{13AE1DC9-7AE0-4C74-A15F-5BBD9CB8B7BF}.Intel Release|x64.Build.0 = Intel Release|x64
		{1844BE4B-86E3-4F37-88AF-019ADA02E54E}.Altera Debug|Mixed Platforms.ActiveCfg = Altera Debug|x64
		{1844BE4B-86E3-4F37-88AF-019ADA02E54E}.Altera Debug|Mixed Platforms.Build.0 = Altera Debug|x64
		{1844BE4B-86E3-4F37-88AF-019ADA02E54E}.Altera Debug|Win32.ActiveCfg = Altera Debug|x64
		{1844BE4B-86E3-4F37-88AF-019ADA02E54E}.Altera Debug|x64.ActiveCfg = Altera Debug|x64
		{1844BE4B-86E3-4F37-88AF-019ADA02E54E}.Altera Debug|x64.Build.0 = Altera Debug|x64
		{1844BE4B-86E3-4F37-88AF-019ADA02E54E}.Altera Release|Mixed Platforms.ActiveCfg = Altera Release|x64
		{1844BE4B-86E3-4F37-88AF-019ADA02E54E}.Altera Release|Mixed Platforms.Build.0 = Altera Release|x64
		{1844BE4B-86E3-4F37-88AF-019ADA02E54E}.Altera Release|Win32.ActiveCfg = Altera Release|x64
		{1844BE4B-86E3-4F37-88AF-019ADA02E54E}.Altera Release|x64.ActiveCfg = Altera Release|x64
		{1844BE4B-86E3-4F37-88AF-019ADA02E54E}.Altera Release|x64.Build.0 = Altera Release|x64
		{1844BE4B-86E3-4F37-88AF-019ADA02E54E}.Intel Debug|Mixed Platforms.ActiveCfg = Intel Debug|x64
		{1844BE4B-86E3-4F37-88AF-019ADA02E54E}.Intel Debug|Mixed Platforms.Build.0 = Intel Debug|x64
		{1844BE4B-86E3-4F37-88AF-019ADA02E54E}.Intel Debug|Win32.ActiveCfg = Intel Debug|x64
		{1844BE4B-86E3-4F37-88AF-019ADA02E54E}.Intel Debug|x64.ActiveCfg = Intel Debug|x64
		{1844BE4B-86E3-4F37-88AF-019ADA02E54E}.Intel Debug|x64.Build.0 = Intel Debug|x64
		{1844BE4B-86E3-4F37-88AF-019ADA02E54E}.Intel Release|Mixed Platforms.ActiveCfg = Intel Release|x64
		{1844BE4B-86E3-4F37-88AF-019ADA02E54E}.Intel Release|Mixed Platforms.Build.0 = Intel Release|x64
		{1844BE4B-86E3-4F37-88AF-019ADA02E54E}.Intel Release|Win32.ActiveCfg = Intel Release|x64
		{1844BE4B-86E3-4F37-88AF-019ADA02E54E}.Intel Release|x64.ActiveCfg = Intel Release|x64
		{1844BE4B-86E3-4F37-88AF-019ADA02E54E}.Intel Release|x64.Build.0 = Intel Release|x64
		{A2979093-2D35-4468-9D7B-CB3C2576E6AC}.Altera Debug|Mixed Platforms.ActiveCfg = Altera Debug|x64
		{A2979093-2D35-4468-9D7B-CB3C2576E6AC}.Altera Debug|Mixed Platforms.Build.0 = Altera Debug|x64
		{A2979093-2D35-4468-9D7B-CB3C2576E6AC}.Altera Debug|Win32.ActiveCfg = Altera Debug|x64
		{A2979093-2D35-4468-9D7B-CB3C2576E6AC}.Altera Debug|x64.ActiveCfg = Altera Debug|x64
		{A2979093-2D35-4468-9D7B-CB3C2576E6AC}.Altera Debug|x64.Build.0 = Altera Debug|x64
		{A2979093-2D35-4468-9D7B-CB3C2576E6AC}.Altera Release|Mixed Platforms.ActiveCfg = Altera Release|x64
		{A2979093-2D35-4468-9D7B-CB3C2576E6AC}.Altera Release|Mixed Platforms.Build.0 = Altera Release|x64
		{A2979093-2D35-4468-9D7B-CB3C2576E6AC}.Altera Release|Win32.ActiveCfg = Altera Release|x64
		{A2979093-2D35-4468-9D7B-CB3C2576E6AC}.Altera Release|x64.ActiveCfg = Altera Release|x64
		{A2979093-2D35-4468-9D7B-CB3C2576E6AC}.Altera Release|x64.Build.0 = Altera Release|x64
		{A2979093-2D35-4468-9D7B-CB3C2576E6AC}.Intel Debug|Mixed Platforms.ActiveCfg = Intel Debug|x64
		{A2979093-2D35-4468-9D7B-CB3C2576E6AC}.Intel Debug|Mixed Platforms.Build.0 = Intel Debug|x64
		{A2979093-2D35-4468-9D7B-CB3C2576E6AC}.Intel Debug|Win32.ActiveCfg = Intel Debug|x64
		{A2979093-2D35-4468-9D7B-CB3C2576E6AC}.Intel Debug|x64.ActiveCfg = Intel Debug|x64
		{A2979093-2D35-4468-9D7B-CB3C2576E6AC}.Intel Debug|x64.Build.0 = Intel Debug|x64
		{A2979093-2D35-4468-9D7B-CB3C2576E6AC}.Intel Release|Mixed Platforms.ActiveCfg = Intel Release|x64
		{A2979093-2D35-4468-9D7B-CB3C2576E6AC}.Intel Release|Mixed Platforms.Build.0 = Intel Release|x64
		{A2979093-2D35-4468-9D7B-CB3C2576E6AC}.Intel Release|Win32.ActiveCfg = Intel Release|x64
		{A2979093-2D35-4468-9D7B-CB3C2576E6AC}.Intel Release|x64.ActiveCfg = Intel Release|x64
		{A2979093-2D35-4468-9D7B-CB3C2576E6AC}.Intel Release|x64.Build.0 = Intel Release|x64
		{AF0FD736-57A1-4A18-90EA-6521B97348DB}.Altera Debug|Mixed Platforms.ActiveCfg = Altera Debug|x64
		{AF0FD736-57A1-4A18-90EA-6521B97348DB}.Altera Debug|Mixed Platforms.Build.0 = Altera Debug|x64
		{AF0FD736-57A1-4A18-90EA-6521B97348DB}.Altera Debug|Win32.ActiveCfg = Altera Debug|x64
		{AF0FD736-57A1-4A18-90EA-6521B97348DB}.Altera Debug|x64.ActiveCfg = Altera Debug|x64
		{AF0FD736-57A1-4A18-90EA-6521B97348DB}.Altera Debug|x64.Build.0 = Altera Debug|x64
		{AF0FD736-57A1-4A18-90EA-6521B97348DB}.Altera Release|Mixed Platforms.ActiveCfg = Altera Release|x64
		{AF0FD736-57A1-4A18-90EA-6521B97348DB}.Altera Release|Mixed Platforms.Build.0 = Altera Release|x64
		{AF0FD736-57A1-4A18-90EA-6521B97348DB}.Altera Release|Win32.ActiveCfg = Altera Release|x64
		{AF0FD736-57A1-4A18-90EA-6521B97348DB}.Altera Release|x64.ActiveCfg = Altera Release|x64
		{AF0FD736-57A1-4A18-90EA-6521B97348DB}.Altera Release|x64.Build.0 = Altera Release|x64
		{AF0FD736-57A1-4A18-90EA-6521B97348DB}.Intel Debug|Mixed Platforms.ActiveCfg = Intel Debug|x64
		{AF0FD736-57A1-4A18-90EA-6521B97348DB}.Intel Debug|Mixed Platforms.Build.0 = Intel Debug|x64
		{AF0FD736-57A1-4A18-90EA-6521B97348DB}.Intel Debug|Win32.ActiveCfg = Intel Debug|x64
		{AF0FD736-57A1-4A18-90EA-6521B97348DB}.Intel Debug|x64.ActiveCfg = Intel Debug|x64
		{AF0FD736-57A1-4A18-90EA-6521B97348DB}.Intel Debug|x64.Build.0 = Intel Debug|x64
		{AF0FD736-57A1-4A18-90EA-6521B97348DB}.Intel Release|Mixed Platforms.ActiveCfg = Intel Release|x64
		{AF0FD736-57A1-4A18-90EA-6521B97348DB}.Intel Release|Mixed Platforms.Build.0 = Intel Release|x64
		{AF0FD736-57A1-4A18-90EA-6521B97348DB}.Intel Release|Win32.ActiveCfg = Intel Release|x64
		{AF0FD736-57A1-4A18-90EA-6521B97348DB}.Intel Release|x64.ActiveCfg = Intel Release|x64
		{AF0FD736-57A1-4A18-90EA-6521B97348DB}.Intel Release|x64.Build.0 = Intel Release|x64
		{53B92548-F516-4466-85E9-1220915FE930}.Altera Debug|Mixed Platforms.ActiveCfg = Altera Debug|x64
		{53B92548-F516-4466-85E9-1220915FE930}.Altera Debug|Mixed Platforms.Build.0 = Altera Debug|x64
		{53B92548-F516-4466-85E9-1220915FE930}.Altera Debug|Win32.ActiveCfg = Altera Debug|x64
		{53B92548-F516-4466-85E9-1220915FE930}.Altera Debug|x64.ActiveCfg = Altera Debug|x64
		{53B92548-F516-4466-85E9-1220915FE930}.Altera Debug|x64.Build.0 = Altera Debug|x64
		{53B92548-F516-4466-85E9-1220915FE930}.Altera Release|Mixed Platforms.ActiveCfg = Altera Release|x64
		{53B92548-F516-4466-85E9-1220915FE930}.Altera Release|Mixed Platforms.Build.0 = Altera Release|x64
		{53B92548-F516-4466-85E9-1220915FE930}.Altera Release|Win32.ActiveCfg = Altera Release|x64
		{53B92548-F516-4466-85E9-1220915FE930}.Altera Release|x64.ActiveCfg = Altera Release|x64
		{53B92548-F516-4466-85E9-1220915FE930}.Altera Release|x64.Build.0 = Altera Release|x64
		{53B92548-F516-4466-85E9-1220915FE930}.Intel Debug|Mixed Platforms.ActiveCfg = Intel Debug|x64
		{53B92548-F516-4466-85E9-1220915FE930}.Intel Debug|Mixed Platforms.Build.0 = Intel Debug|x64
		{53B92548-F516-4466-85E9-1220915FE930}.Intel Debug|Win32.ActiveCfg = Intel Debug|x64
		{53B92548-F516-4466-85E9-1220915FE930}.Intel Debug|x64.ActiveCfg = Intel Debug|x64
		{53B92548-F516-4466-85E9-1220915FE930}.Intel Debug|x64.Build.0 = Intel Debug|x64
		{53B92548-F516-4466-85E9-1220915FE930}.Intel Release|Mixed Platforms.ActiveCfg = Intel Release|x64
		{53B92548-F516-4466-85E9-1220915FE930}.Intel Release|Mixed Platforms.Build.0 = Intel Release|x64
		{53B92548-F516-4466-85E9-1220915FE930}.Intel Release|Win32.ActiveCfg = Intel Release|x64
		{53B92548-F516-4466-85E9-1220915FE930}.Intel Release|x64.ActiveCfg = Intel Release|x64
		{53B92548-F516-4466-85E9-1220915FE930}.Intel Release|x64.Build.0 = Intel Release|x64
		{BFF8E0E1-D5C5-410E-BABA-70EDF3E872A5}.Altera Debug|Mixed Platforms.ActiveCfg = Altera Debug|x64
		{BFF8E0E1-D5C5-410E-BABA-70EDF3E872A5}.Altera Debug|Mixed Platforms.Build.0 = Altera Debug|x64
		{BFF8E0E1-D5C5-410E-BABA-70EDF3E872A5}.Altera Debug|Win32.ActiveCfg = Altera Debug|x64
		{BFF8E0E1-D5C5-410E-BABA-70EDF3E872A5}.Altera Debug|x64.ActiveCfg = Altera Debug|x64
		{BFF8E0E1-D5C5-410E-BABA-70EDF3E872A5}.Altera Debug|x64.Build.0 = Altera Debug|x64
		{BFF8E0E1-D5C5-410E-BABA-70EDF3E872A5}.Altera Release|Mixed Platforms.ActiveCfg = Altera Release|x64
		{BFF8E0E1-D5C5-410E-BABA-70EDF3E872A5}.Altera Release|Mixed Platforms.Build.0 = Altera Release|x64
		{BFF8E0E1-D5C5-410E-BABA-70EDF3E872A5}.Altera Release|Win32.ActiveCfg = Altera Release|x64
		{BFF8E0E1-D5C5-410E-BABA-70EDF3E872A5}.Altera Release|x64.ActiveCfg = Altera Release|x64
		{BFF8E0E1-D5C5-410E-BABA-70EDF3E872A5}.Altera Release|x64.Build.0 = Altera Release|x64
		{BFF8E0E1-D5C5-410E-BABA-70EDF3E872A5}.Intel Debug|Mixed Platforms.ActiveCfg = Intel Debug|x64
		{BFF8E0E1-D5C5-410E-BABA-70EDF3E872A5}.Intel Debug|Mixed Platforms.Build.0 = Intel Debug|x64
		{BFF8E0E1-D5C5-410E-BABA-70EDF3E872A5}.Intel Debug|Win32.ActiveCfg = Intel Debug|x64
		{BFF8E0E1-D5C5-410E-BABA-70EDF3E872A5}.Intel Debug|x64.ActiveCfg = Intel Debug|x64
		{BFF8E0E1-D5C5-410E-BABA-70EDF3E872A5}.Intel Debug|x64.Build.0 = Intel Debug|x64
		{BFF8E0E1-D5C5-410E-BABA-70EDF3E872A5}.Intel Release|Mixed Platforms.ActiveCfg = Intel Release|x64
		{BFF8E0E1-D5C5-410E-BABA-70EDF3E872A5}.Intel Release|Mixed Platforms.Build.0 = Intel Release|x64
		{BFF8E0E1-D5C5-410E-BABA-70EDF3E872A5}.Intel Release|Win32.ActiveCfg = Intel Release|x64
		{BFF8E0E1-D5C5-410E-BABA-70EDF3E872A5}.Intel Release|x64.ActiveCfg = Intel Release|x64
		{BFF8E0E1-D5C5-410E-BABA-70EDF3E872A5}.Intel Release|x64.Build.0 = Intel Release|x64
		{6073F812-DB2D-44B8-9B34-B1336A9C7339}.Altera Debug|Mixed Platforms.ActiveCfg = Altera Debug|x64
		{6073F812-DB2D-44B8-9B34-B1336A9C7339}.Altera Debug|Mixed Platforms.Build.0 = Altera Debug|x64
		{6073F812-DB2D-44B8-9B34-B1336A9C7339}.Altera Debug|Win32.ActiveCfg = Altera Debug|x64
		{6073F812-DB2D-44B8-9B34-B1336A9C7339}.Altera Debug|x64.ActiveCfg = Altera Debug|x64
		{6073F812-DB2D-44B8-9B34-B1336A9C7339}.Altera Debug|x64.Build.0 = Altera Debug|x64
		{6073F812-DB2D-44B8-9B34-B1336A9C7339}.Altera Release|Mixed Platforms.ActiveCfg = Altera Release|x64
		{6073F812-DB2D-44B8-9B34-B1336A9C7339}.Altera Release|Mixed Platforms.Build.0 = Altera Release|x64
		{6073F812-DB2D-44B8-9B34-B1336A9C7339}.Altera Release|Win32.ActiveCfg = Altera Release|x64
		{6073F812-DB2D-44B8-9B34-B1336A9C7339}.Altera Release|x64.ActiveCfg = Altera Release|x64
		{6073F812-DB2D-44B8-9B34-B1336A9C7339}.Altera Release|x64.Build.0 = Altera Release|x64
		{6073F812-DB2D-44B8-9B34-B1336A9C7339}.Intel Debug|Mixed Platforms.ActiveCfg = Intel Debug|x64
		{6073F812-DB2D-44B8-9B34-B1336A9C7339}.Intel Debug|Mixed Platforms.Build.0 = Intel Debug|x64
		{6073F812-DB2D-44B8-9B34-B1336A9C7339}.Intel Debug|Win32.ActiveCfg = Intel Debug|x64
		{6073F812-DB2D-44B8-9B34-B1336A9C7339}.Intel Debug|x64.ActiveCfg = Intel Debug|x64
		{6073F812-DB2D-44B8-9B34-B1336A9C7339}.Intel Debug|x64.Build.0 = Intel Debug|x64
		{6073F812-DB2D-44B8-9B34-B1336A9C7339}.Intel Release|Mixed Platforms.ActiveCfg = Intel Release|x64
		{6073F812-DB2D-44B8-9B34-B1336A9C7339}.Intel Release|Mixed Platforms.Build.0 = Intel Release|x64
		{6073F812-DB2D-44B8-9B34-B1336A9C7339}.Intel Release|Win32.ActiveCfg = Intel Release|x64
		{6073F812-DB2D-44B8-9B34-B1336A9C7339}.Intel Release|x64.ActiveCfg = Intel Release|x64
		{6073F812-DB2D-44B8-9B34-B1336A9C7339}.Intel Release|x64.Build.0 = Intel Release|x64
	EndGlobalSection
	GlobalSection(SolutionProperties) = preSolution
		HideSolutionNode = FALSE
	EndGlobalSection
	GlobalSection(NestedProjects) = preSolution
		{700A057C-5E90-49C4-BB34-1DC95444E140} = {F6945E4E-7311-41D5-A411-99F64056B910}
		{0CA3DD8D-9E37-4B97-A817-C79F4C0D2753} = {F6945E4E-7311-41D5-A411-99F64056B910}
		{C406337D-6372-4095-BB83-B373B7ABBE59} = {6E5EBFF9-0775-42FC-8ECF-02EB60995F5C}
		{219C1B60-C3AC-4F49-BA52-5ADE16BC26D2} = {118CEDC2-336D-4CAC-98C8-CB806A37534E}
		{80F462AC-76A0-434E-9B5C-503F6BE77F60} = {F384014B-029C-499D-B00B-B4AC7E27AA03}
		{439AA49D-B606-4B18-8EE9-020401FAE61E} = {D665FE34-FB04-433D-B6EA-82A0E70B8558}
		{D665FE34-FB04-433D-B6EA-82A0E70B8558} = {118CEDC2-336D-4CAC-98C8-CB806A37534E}
		{2377B861-B2D5-4DD3-979C-36C832BBFFE6} = {D665FE34-FB04-433D-B6EA-82A0E70B8558}
		{13AE1DC9-7AE0-4C74-A15F-5BBD9CB8B7BF} = {D665FE34-FB04-433D-B6EA-82A0E70B8558}
		{1844BE4B-86E3-4F37-88AF-019ADA02E54E} = {CDF9F5F2-A6F4-4266-87AE-8983526FDDA9}
		{F384014B-029C-499D-B00B-B4AC7E27AA03} = {6EA35DDB-A226-4DA4-866F-D5DE88270B2E}
		{CDF9F5F2-A6F4-4266-87AE-8983526FDDA9} = {6EA35DDB-A226-4DA4-866F-D5DE88270B2E}
		{A2979093-2D35-4468-9D7B-CB3C2576E6AC} = {CDF9F5F2-A6F4-4266-87AE-8983526FDDA9}
		{AF0FD736-57A1-4A18-90EA-6521B97348DB} = {6EA35DDB-A226-4DA4-866F-D5DE88270B2E}
		{53B92548-F516-4466-85E9-1220915FE930} = {83A3EF4B-C67A-404F-B31F-2AA963534832}
		{BFF8E0E1-D5C5-410E-BABA-70EDF3E872A5} = {83A3EF4B-C67A-404F-B31F-2AA963534832}
		{83A3EF4B-C67A-404F-B31F-2AA963534832} = {4B96A840-1BB7-47DD-A0B4-B728B4C1E173}
		{6073F812-DB2D-44B8-9B34-B1336A9C7339} = {83A3EF4B-C67A-404F-B31F-2AA963534832}
		{D67E2A7A-AE52-498B-B5FD-DE982536E341} = {4B96A840-1BB7-47DD-A0B4-B728B4C1E173}
	EndGlobalSection
EndGlobal
