
Microsoft Visual Studio Solution File, Format Version 12.00
# Visual Studio 2012
Project("{8BC9CEB8-8B4A-11D0-8D11-00A0C91BC942}") = "NeedlemanWunsch_1_CPP", "NeedlemanWunschCPP_1\NeedlemanWunschCPP_1.vcxproj", "{0D811BEB-C224-4471-8315-C6ABE1671EB4}"
EndProject
Project("{8BC9CEB8-8B4A-11D0-8D11-00A0C91BC942}") = "NeedlemanWunsch_2_C_Lib", "NeedlemanWunsch_2_C\NeedlemanWunsch_2_C.vcxproj", "{4B4BA3B1-1449-4D45-9CC0-903C7C9BD7A9}"
EndProject
Project("{2150E333-8FDC-42A3-9474-1A3956D46DE8}") = "Solution Items", "Solution Items", "{CF8EC3A3-1CB8-4C3F-86E4-C12E81ABDE3C}"
	ProjectSection(SolutionItems) = preProject
		Local.testsettings = Local.testsettings
		NeedlemanWunsch1.vsmdi = NeedlemanWunsch1.vsmdi
		TraceAndTestImpact.testsettings = TraceAndTestImpact.testsettings
	EndProjectSection
EndProject
Project("{8BC9CEB8-8B4A-11D0-8D11-00A0C91BC942}") = "NeedlemanWunsch_2_C_App", "NeedlemanWunsch_2_C_App\NeedlemanWunsch_2_C_App.vcxproj", "{DCFA1AEC-14B1-40D4-9C65-64A129365201}"
EndProject
Project("{8BC9CEB8-8B4A-11D0-8D11-00A0C91BC942}") = "NeedlemanWunsch_3_C_Lib", "NeedlemanWunsch_3_C_Lib\NeedlemanWunsch_3_C_Lib.vcxproj", "{AE6D990E-0994-4CF9-B639-448233A4F493}"
EndProject
Project("{8BC9CEB8-8B4A-11D0-8D11-00A0C91BC942}") = "NeedlemanWunsch_3_App", "NeedlemanWunsch_3_App\NeedlemanWunsch_3_App.vcxproj", "{3EDBE103-DC45-4796-983B-B802569BE585}"
EndProject
Project("{8BC9CEB8-8B4A-11D0-8D11-00A0C91BC942}") = "NeedlemanWunsch_4_C_Lib", "NeedlemanWunsch_4_C_Lib\NeedlemanWunsch_4_C_Lib.vcxproj", "{BB8401C9-704B-4BBC-AC01-2841C739FC42}"
EndProject
Project("{8BC9CEB8-8B4A-11D0-8D11-00A0C91BC942}") = "NeedlemanWunsch_4_App", "NeedlemanWunsch_4_App\NeedlemanWunsch_4_App.vcxproj", "{05F74788-189F-4575-BD70-0D6A551F8CF3}"
EndProject
Project("{8BC9CEB8-8B4A-11D0-8D11-00A0C91BC942}") = "SequenceUtilities", "Libraries\SequenceUtilities\SequenceUtilities.vcxproj", "{2A6C5CA5-A959-4FFD-A284-1CEFD6896A31}"
EndProject
Project("{8BC9CEB8-8B4A-11D0-8D11-00A0C91BC942}") = "NeedlemanWunsch_2.NativeTests", "NeedlemanWunsch_2.NativeTests\NeedlemanWunsch_2.NativeTests.vcxproj", "{75E435DD-D2A8-422B-BED5-73B2077A317D}"
EndProject
Project("{8BC9CEB8-8B4A-11D0-8D11-00A0C91BC942}") = "NeedlemanWunsch_3.NativeTests", "NeedlemanWunsch_3.NativeTests\NeedlemanWunsch_3.NativeTests.vcxproj", "{5EDAC573-94FF-470E-A6DB-A2D92D137CBA}"
EndProject
Project("{8BC9CEB8-8B4A-11D0-8D11-00A0C91BC942}") = "NeedlemanWunsch_4.NativeTests", "NeedlemanWunsch_4.NativeTests\NeedlemanWunsch_4.NativeTests.vcxproj", "{41B534F4-21BB-4094-B5EF-5A017CFF4855}"
EndProject
Global
	GlobalSection(TeamFoundationVersionControl) = preSolution
		SccNumberOfProjects = 12
		SccEnterpriseProvider = {4CA58AB2-18FA-4F8D-95D4-32DDF27D184C}
		SccTeamFoundationServer = http://nemesis42.dyndns.org:8080/tfs/absoluteflow
		SccLocalPath0 = .
		SccProjectUniqueName1 = NeedlemanWunschCPP_1\\NeedlemanWunschCPP_1.vcxproj
		SccProjectName1 = NeedlemanWunschCPP_1
		SccLocalPath1 = NeedlemanWunschCPP_1
		SccProjectUniqueName2 = NeedlemanWunsch_2_C\\NeedlemanWunsch_2_C.vcxproj
		SccProjectName2 = NeedlemanWunsch_2_C
		SccLocalPath2 = NeedlemanWunsch_2_C
		SccProjectUniqueName3 = NeedlemanWunsch_2_C_App\\NeedlemanWunsch_2_C_App.vcxproj
		SccProjectName3 = NeedlemanWunsch_2_C_App
		SccLocalPath3 = NeedlemanWunsch_2_C_App
		SccProjectUniqueName4 = NeedlemanWunsch_3_C_Lib\\NeedlemanWunsch_3_C_Lib.vcxproj
		SccProjectName4 = NeedlemanWunsch_3_C_Lib
		SccLocalPath4 = NeedlemanWunsch_3_C_Lib
		SccProjectUniqueName5 = NeedlemanWunsch_3_App\\NeedlemanWunsch_3_App.vcxproj
		SccProjectName5 = NeedlemanWunsch_3_App
		SccLocalPath5 = NeedlemanWunsch_3_App
		SccProjectUniqueName6 = NeedlemanWunsch_4_C_Lib\\NeedlemanWunsch_4_C_Lib.vcxproj
		SccProjectName6 = NeedlemanWunsch_4_C_Lib
		SccLocalPath6 = NeedlemanWunsch_4_C_Lib
		SccProjectUniqueName7 = NeedlemanWunsch_4_App\\NeedlemanWunsch_4_App.vcxproj
		SccProjectName7 = NeedlemanWunsch_4_App
		SccLocalPath7 = NeedlemanWunsch_4_App
		SccProjectUniqueName8 = Libraries\\SequenceUtilities\\SequenceUtilities.vcxproj
		SccProjectName8 = Libraries/SequenceUtilities
		SccLocalPath8 = Libraries\\SequenceUtilities
		SccProjectUniqueName9 = NeedlemanWunsch_2.NativeTests\\NeedlemanWunsch_2.NativeTests.vcxproj
		SccProjectName9 = NeedlemanWunsch_2.NativeTests
		SccLocalPath9 = NeedlemanWunsch_2.NativeTests
		SccProjectUniqueName10 = NeedlemanWunsch_3.NativeTests\\NeedlemanWunsch_3.NativeTests.vcxproj
		SccProjectName10 = NeedlemanWunsch_3.NativeTests
		SccLocalPath10 = NeedlemanWunsch_3.NativeTests
		SccProjectUniqueName11 = NeedlemanWunsch_4.NativeTests\\NeedlemanWunsch_4.NativeTests.vcxproj
		SccProjectName11 = NeedlemanWunsch_4.NativeTests
		SccLocalPath11 = NeedlemanWunsch_4.NativeTests
	EndGlobalSection
	GlobalSection(TestCaseManagementSettings) = postSolution
		CategoryFile = NeedlemanWunsch1.vsmdi
	EndGlobalSection
	GlobalSection(SolutionConfigurationPlatforms) = preSolution
		Debug|Win32 = Debug|Win32
		Release|Win32 = Release|Win32
	EndGlobalSection
	GlobalSection(ProjectConfigurationPlatforms) = postSolution
		{0D811BEB-C224-4471-8315-C6ABE1671EB4}.Debug|Win32.ActiveCfg = Debug|Win32
		{0D811BEB-C224-4471-8315-C6ABE1671EB4}.Debug|Win32.Build.0 = Debug|Win32
		{0D811BEB-C224-4471-8315-C6ABE1671EB4}.Release|Win32.ActiveCfg = Release|Win32
		{0D811BEB-C224-4471-8315-C6ABE1671EB4}.Release|Win32.Build.0 = Release|Win32
		{4B4BA3B1-1449-4D45-9CC0-903C7C9BD7A9}.Debug|Win32.ActiveCfg = Debug|Win32
		{4B4BA3B1-1449-4D45-9CC0-903C7C9BD7A9}.Debug|Win32.Build.0 = Debug|Win32
		{4B4BA3B1-1449-4D45-9CC0-903C7C9BD7A9}.Release|Win32.ActiveCfg = Release|Win32
		{4B4BA3B1-1449-4D45-9CC0-903C7C9BD7A9}.Release|Win32.Build.0 = Release|Win32
		{DCFA1AEC-14B1-40D4-9C65-64A129365201}.Debug|Win32.ActiveCfg = Debug|Win32
		{DCFA1AEC-14B1-40D4-9C65-64A129365201}.Debug|Win32.Build.0 = Debug|Win32
		{DCFA1AEC-14B1-40D4-9C65-64A129365201}.Release|Win32.ActiveCfg = Release|Win32
		{DCFA1AEC-14B1-40D4-9C65-64A129365201}.Release|Win32.Build.0 = Release|Win32
		{AE6D990E-0994-4CF9-B639-448233A4F493}.Debug|Win32.ActiveCfg = Debug|Win32
		{AE6D990E-0994-4CF9-B639-448233A4F493}.Debug|Win32.Build.0 = Debug|Win32
		{AE6D990E-0994-4CF9-B639-448233A4F493}.Release|Win32.ActiveCfg = Release|Win32
		{AE6D990E-0994-4CF9-B639-448233A4F493}.Release|Win32.Build.0 = Release|Win32
		{3EDBE103-DC45-4796-983B-B802569BE585}.Debug|Win32.ActiveCfg = Debug|Win32
		{3EDBE103-DC45-4796-983B-B802569BE585}.Debug|Win32.Build.0 = Debug|Win32
		{3EDBE103-DC45-4796-983B-B802569BE585}.Release|Win32.ActiveCfg = Release|Win32
		{3EDBE103-DC45-4796-983B-B802569BE585}.Release|Win32.Build.0 = Release|Win32
		{BB8401C9-704B-4BBC-AC01-2841C739FC42}.Debug|Win32.ActiveCfg = Debug|Win32
		{BB8401C9-704B-4BBC-AC01-2841C739FC42}.Debug|Win32.Build.0 = Debug|Win32
		{BB8401C9-704B-4BBC-AC01-2841C739FC42}.Release|Win32.ActiveCfg = Release|Win32
		{BB8401C9-704B-4BBC-AC01-2841C739FC42}.Release|Win32.Build.0 = Release|Win32
		{05F74788-189F-4575-BD70-0D6A551F8CF3}.Debug|Win32.ActiveCfg = Debug|Win32
		{05F74788-189F-4575-BD70-0D6A551F8CF3}.Debug|Win32.Build.0 = Debug|Win32
		{05F74788-189F-4575-BD70-0D6A551F8CF3}.Release|Win32.ActiveCfg = Release|Win32
		{05F74788-189F-4575-BD70-0D6A551F8CF3}.Release|Win32.Build.0 = Release|Win32
		{2A6C5CA5-A959-4FFD-A284-1CEFD6896A31}.Debug|Win32.ActiveCfg = Debug|Win32
		{2A6C5CA5-A959-4FFD-A284-1CEFD6896A31}.Debug|Win32.Build.0 = Debug|Win32
		{2A6C5CA5-A959-4FFD-A284-1CEFD6896A31}.Release|Win32.ActiveCfg = Release|Win32
		{2A6C5CA5-A959-4FFD-A284-1CEFD6896A31}.Release|Win32.Build.0 = Release|Win32
		{75E435DD-D2A8-422B-BED5-73B2077A317D}.Debug|Win32.ActiveCfg = Debug|Win32
		{75E435DD-D2A8-422B-BED5-73B2077A317D}.Debug|Win32.Build.0 = Debug|Win32
		{75E435DD-D2A8-422B-BED5-73B2077A317D}.Release|Win32.ActiveCfg = Release|Win32
		{75E435DD-D2A8-422B-BED5-73B2077A317D}.Release|Win32.Build.0 = Release|Win32
		{5EDAC573-94FF-470E-A6DB-A2D92D137CBA}.Debug|Win32.ActiveCfg = Debug|Win32
		{5EDAC573-94FF-470E-A6DB-A2D92D137CBA}.Debug|Win32.Build.0 = Debug|Win32
		{5EDAC573-94FF-470E-A6DB-A2D92D137CBA}.Release|Win32.ActiveCfg = Release|Win32
		{5EDAC573-94FF-470E-A6DB-A2D92D137CBA}.Release|Win32.Build.0 = Release|Win32
		{41B534F4-21BB-4094-B5EF-5A017CFF4855}.Debug|Win32.ActiveCfg = Debug|Win32
		{41B534F4-21BB-4094-B5EF-5A017CFF4855}.Debug|Win32.Build.0 = Debug|Win32
		{41B534F4-21BB-4094-B5EF-5A017CFF4855}.Release|Win32.ActiveCfg = Release|Win32
		{41B534F4-21BB-4094-B5EF-5A017CFF4855}.Release|Win32.Build.0 = Release|Win32
	EndGlobalSection
	GlobalSection(SolutionProperties) = preSolution
		HideSolutionNode = FALSE
	EndGlobalSection
EndGlobal
